
Microsoft Visual Studio Solution File, Format Version 12.00
# Visual Studio 15
VisualStudioVersion = 15.0.28307.1300
MinimumVisualStudioVersion = 10.0.40219.1
Project("{FAE04EC0-301F-11D3-BF4B-00C04F79EFBC}") = "FoldCdsPhytozomeFinder", "FoldCdsPhytozomeFinder\FoldCdsPhytozomeFinder.csproj", "{86D336D2-16A2-421D-AC17-2D71D854A253}"
EndProject
Global
	GlobalSection(SolutionConfigurationPlatforms) = preSolution
		Debug|Any CPU = Debug|Any CPU
		Release|Any CPU = Release|Any CPU
	EndGlobalSection
	GlobalSection(ProjectConfigurationPlatforms) = postSolution
		{86D336D2-16A2-421D-AC17-2D71D854A253}.Debug|Any CPU.ActiveCfg = Debug|Any CPU
		{86D336D2-16A2-421D-AC17-2D71D854A253}.Debug|Any CPU.Build.0 = Debug|Any CPU
		{86D336D2-16A2-421D-AC17-2D71D854A253}.Release|Any CPU.ActiveCfg = Release|Any CPU
		{86D336D2-16A2-421D-AC17-2D71D854A253}.Release|Any CPU.Build.0 = Release|Any CPU
	EndGlobalSection
	GlobalSection(SolutionProperties) = preSolution
		HideSolutionNode = FALSE
	EndGlobalSection
	GlobalSection(ExtensibilityGlobals) = postSolution
		SolutionGuid = {B8267E5E-FC88-4EEB-AD0F-38A5DEE83344}
	EndGlobalSection
EndGlobal
